// !$*UTF8*$!
{
	archiveVersion = 1;
	classes = {
	};
	objectVersion = 56;
	objects = {

/* Begin PBXBuildFile section */
		3F56E3912A9F72DB00859579 /* CardView.swift in Sources */ = {isa = PBXBuildFile; fileRef = 3F56E3902A9F72DB00859579 /* CardView.swift */; };
		3F56E3932A9F92BD00859579 /* CardModel.swift in Sources */ = {isa = PBXBuildFile; fileRef = 3F56E3922A9F92BD00859579 /* CardModel.swift */; };
		3F56E3952A9F937C00859579 /* CardData.swift in Sources */ = {isa = PBXBuildFile; fileRef = 3F56E3942A9F937C00859579 /* CardData.swift */; };
		3F56E3972A9F988500859579 /* sound-chime.mp3 in Resources */ = {isa = PBXBuildFile; fileRef = 3F56E3962A9F988500859579 /* sound-chime.mp3 */; };
		3F56E3992A9F98AC00859579 /* PlaySound.swift in Sources */ = {isa = PBXBuildFile; fileRef = 3F56E3982A9F98AC00859579 /* PlaySound.swift */; };
		3F56E39F2A9FA3D200859579 /* Stickers.xcassets in Resources */ = {isa = PBXBuildFile; fileRef = 3F56E39E2A9FA3D200859579 /* Stickers.xcassets */; };
		3F56E3A32A9FA3D200859579 /* stickers.appex in Embed Foundation Extensions */ = {isa = PBXBuildFile; fileRef = 3F56E39C2A9FA3D100859579 /* stickers.appex */; settings = {ATTRIBUTES = (RemoveHeadersOnCopy, ); }; };
		3F8971982A9F6E8F00159736 /* Learn_by_DoingApp.swift in Sources */ = {isa = PBXBuildFile; fileRef = 3F8971972A9F6E8F00159736 /* Learn_by_DoingApp.swift */; };
		3F89719A2A9F6E8F00159736 /* ContentView.swift in Sources */ = {isa = PBXBuildFile; fileRef = 3F8971992A9F6E8F00159736 /* ContentView.swift */; };
		3F89719C2A9F6E8F00159736 /* Assets.xcassets in Resources */ = {isa = PBXBuildFile; fileRef = 3F89719B2A9F6E8F00159736 /* Assets.xcassets */; };
		3F89719F2A9F6E8F00159736 /* Preview Assets.xcassets in Resources */ = {isa = PBXBuildFile; fileRef = 3F89719E2A9F6E8F00159736 /* Preview Assets.xcassets */; };
		3F8971A62A9F701600159736 /* LaunchScreen.storyboard in Resources */ = {isa = PBXBuildFile; fileRef = 3F8971A52A9F701600159736 /* LaunchScreen.storyboard */; };
/* End PBXBuildFile section */

/* Begin PBXContainerItemProxy section */
		3F56E3A12A9FA3D200859579 /* PBXContainerItemProxy */ = {
			isa = PBXContainerItemProxy;
			containerPortal = 3F89718C2A9F6E8F00159736 /* Project object */;
			proxyType = 1;
			remoteGlobalIDString = 3F56E39B2A9FA3D100859579;
			remoteInfo = stickers;
		};
/* End PBXContainerItemProxy section */

/* Begin PBXCopyFilesBuildPhase section */
		3F56E3A72A9FA3D200859579 /* Embed Foundation Extensions */ = {
			isa = PBXCopyFilesBuildPhase;
			buildActionMask = 2147483647;
			dstPath = "";
			dstSubfolderSpec = 13;
			files = (
				3F56E3A32A9FA3D200859579 /* stickers.appex in Embed Foundation Extensions */,
			);
			name = "Embed Foundation Extensions";
			runOnlyForDeploymentPostprocessing = 0;
		};
/* End PBXCopyFilesBuildPhase section */

/* Begin PBXFileReference section */
		3F56E3902A9F72DB00859579 /* CardView.swift */ = {isa = PBXFileReference; lastKnownFileType = sourcecode.swift; path = CardView.swift; sourceTree = "<group>"; };
		3F56E3922A9F92BD00859579 /* CardModel.swift */ = {isa = PBXFileReference; lastKnownFileType = sourcecode.swift; path = CardModel.swift; sourceTree = "<group>"; };
		3F56E3942A9F937C00859579 /* CardData.swift */ = {isa = PBXFileReference; lastKnownFileType = sourcecode.swift; path = CardData.swift; sourceTree = "<group>"; };
		3F56E3962A9F988500859579 /* sound-chime.mp3 */ = {isa = PBXFileReference; lastKnownFileType = audio.mp3; path = "sound-chime.mp3"; sourceTree = "<group>"; };
		3F56E3982A9F98AC00859579 /* PlaySound.swift */ = {isa = PBXFileReference; lastKnownFileType = sourcecode.swift; path = PlaySound.swift; sourceTree = "<group>"; };
		3F56E39C2A9FA3D100859579 /* stickers.appex */ = {isa = PBXFileReference; explicitFileType = "wrapper.app-extension"; includeInIndex = 0; path = stickers.appex; sourceTree = BUILT_PRODUCTS_DIR; };
		3F56E39E2A9FA3D200859579 /* Stickers.xcassets */ = {isa = PBXFileReference; lastKnownFileType = folder.assetcatalog; path = Stickers.xcassets; sourceTree = "<group>"; };
		3F56E3A02A9FA3D200859579 /* Info.plist */ = {isa = PBXFileReference; lastKnownFileType = text.plist.xml; path = Info.plist; sourceTree = "<group>"; };
		3F8971942A9F6E8F00159736 /* Learn by Doing.app */ = {isa = PBXFileReference; explicitFileType = wrapper.application; includeInIndex = 0; path = "Learn by Doing.app"; sourceTree = BUILT_PRODUCTS_DIR; };
		3F8971972A9F6E8F00159736 /* Learn_by_DoingApp.swift */ = {isa = PBXFileReference; lastKnownFileType = sourcecode.swift; path = Learn_by_DoingApp.swift; sourceTree = "<group>"; };
		3F8971992A9F6E8F00159736 /* ContentView.swift */ = {isa = PBXFileReference; lastKnownFileType = sourcecode.swift; path = ContentView.swift; sourceTree = "<group>"; };
		3F89719B2A9F6E8F00159736 /* Assets.xcassets */ = {isa = PBXFileReference; lastKnownFileType = folder.assetcatalog; path = Assets.xcassets; sourceTree = "<group>"; };
		3F89719E2A9F6E8F00159736 /* Preview Assets.xcassets */ = {isa = PBXFileReference; lastKnownFileType = folder.assetcatalog; path = "Preview Assets.xcassets"; sourceTree = "<group>"; };
		3F8971A52A9F701600159736 /* LaunchScreen.storyboard */ = {isa = PBXFileReference; lastKnownFileType = file.storyboard; path = LaunchScreen.storyboard; sourceTree = "<group>"; };
		3F8971A72A9F71C300159736 /* Learn-by-Doing-Info.plist */ = {isa = PBXFileReference; lastKnownFileType = text.plist; path = "Learn-by-Doing-Info.plist"; sourceTree = SOURCE_ROOT; };
/* End PBXFileReference section */

/* Begin PBXFrameworksBuildPhase section */
		3F8971912A9F6E8F00159736 /* Frameworks */ = {
			isa = PBXFrameworksBuildPhase;
			buildActionMask = 2147483647;
			files = (
			);
			runOnlyForDeploymentPostprocessing = 0;
		};
/* End PBXFrameworksBuildPhase section */

/* Begin PBXGroup section */
		3F56E39D2A9FA3D100859579 /* stickers */ = {
			isa = PBXGroup;
			children = (
				3F56E39E2A9FA3D200859579 /* Stickers.xcassets */,
				3F56E3A02A9FA3D200859579 /* Info.plist */,
			);
			path = stickers;
			sourceTree = "<group>";
		};
		3F89718B2A9F6E8F00159736 = {
			isa = PBXGroup;
			children = (
				3F8971962A9F6E8F00159736 /* Learn by Doing */,
				3F56E39D2A9FA3D100859579 /* stickers */,
				3F8971952A9F6E8F00159736 /* Products */,
			);
			sourceTree = "<group>";
		};
		3F8971952A9F6E8F00159736 /* Products */ = {
			isa = PBXGroup;
			children = (
				3F8971942A9F6E8F00159736 /* Learn by Doing.app */,
				3F56E39C2A9FA3D100859579 /* stickers.appex */,
			);
			name = Products;
			sourceTree = "<group>";
		};
		3F8971962A9F6E8F00159736 /* Learn by Doing */ = {
			isa = PBXGroup;
			children = (
				3F56E3902A9F72DB00859579 /* CardView.swift */,
				3F8971A72A9F71C300159736 /* Learn-by-Doing-Info.plist */,
				3F8971972A9F6E8F00159736 /* Learn_by_DoingApp.swift */,
				3F8971992A9F6E8F00159736 /* ContentView.swift */,
				3F56E3922A9F92BD00859579 /* CardModel.swift */,
				3F56E3942A9F937C00859579 /* CardData.swift */,
				3F89719B2A9F6E8F00159736 /* Assets.xcassets */,
				3F89719D2A9F6E8F00159736 /* Preview Content */,
				3F8971A52A9F701600159736 /* LaunchScreen.storyboard */,
				3F56E3962A9F988500859579 /* sound-chime.mp3 */,
				3F56E3982A9F98AC00859579 /* PlaySound.swift */,
			);
			path = "Learn by Doing";
			sourceTree = "<group>";
		};
		3F89719D2A9F6E8F00159736 /* Preview Content */ = {
			isa = PBXGroup;
			children = (
				3F89719E2A9F6E8F00159736 /* Preview Assets.xcassets */,
			);
			path = "Preview Content";
			sourceTree = "<group>";
		};
/* End PBXGroup section */

/* Begin PBXNativeTarget section */
		3F56E39B2A9FA3D100859579 /* stickers */ = {
			isa = PBXNativeTarget;
			buildConfigurationList = 3F56E3A42A9FA3D200859579 /* Build configuration list for PBXNativeTarget "stickers" */;
			buildPhases = (
				3F56E39A2A9FA3D100859579 /* Resources */,
			);
			buildRules = (
			);
			dependencies = (
			);
			name = stickers;
			productName = stickers;
			productReference = 3F56E39C2A9FA3D100859579 /* stickers.appex */;
			productType = "com.apple.product-type.app-extension.messages-sticker-pack";
		};
		3F8971932A9F6E8F00159736 /* Learn by Doing */ = {
			isa = PBXNativeTarget;
			buildConfigurationList = 3F8971A22A9F6E8F00159736 /* Build configuration list for PBXNativeTarget "Learn by Doing" */;
			buildPhases = (
				3F8971902A9F6E8F00159736 /* Sources */,
				3F8971912A9F6E8F00159736 /* Frameworks */,
				3F8971922A9F6E8F00159736 /* Resources */,
				3F56E3A72A9FA3D200859579 /* Embed Foundation Extensions */,
			);
			buildRules = (
			);
			dependencies = (
				3F56E3A22A9FA3D200859579 /* PBXTargetDependency */,
			);
			name = "Learn by Doing";
			productName = "Learn by Doing";
			productReference = 3F8971942A9F6E8F00159736 /* Learn by Doing.app */;
			productType = "com.apple.product-type.application";
		};
/* End PBXNativeTarget section */

/* Begin PBXProject section */
		3F89718C2A9F6E8F00159736 /* Project object */ = {
			isa = PBXProject;
			attributes = {
				BuildIndependentTargetsInParallel = 1;
				LastSwiftUpdateCheck = 1430;
				LastUpgradeCheck = 1430;
				TargetAttributes = {
					3F56E39B2A9FA3D100859579 = {
						CreatedOnToolsVersion = 14.3.1;
					};
					3F8971932A9F6E8F00159736 = {
						CreatedOnToolsVersion = 14.3.1;
					};
				};
			};
			buildConfigurationList = 3F89718F2A9F6E8F00159736 /* Build configuration list for PBXProject "Learn by Doing" */;
			compatibilityVersion = "Xcode 14.0";
			developmentRegion = en;
			hasScannedForEncodings = 0;
			knownRegions = (
				en,
				Base,
			);
			mainGroup = 3F89718B2A9F6E8F00159736;
			productRefGroup = 3F8971952A9F6E8F00159736 /* Products */;
			projectDirPath = "";
			projectRoot = "";
			targets = (
				3F8971932A9F6E8F00159736 /* Learn by Doing */,
				3F56E39B2A9FA3D100859579 /* stickers */,
			);
		};
/* End PBXProject section */

/* Begin PBXResourcesBuildPhase section */
		3F56E39A2A9FA3D100859579 /* Resources */ = {
			isa = PBXResourcesBuildPhase;
			buildActionMask = 2147483647;
			files = (
				3F56E39F2A9FA3D200859579 /* Stickers.xcassets in Resources */,
			);
			runOnlyForDeploymentPostprocessing = 0;
		};
		3F8971922A9F6E8F00159736 /* Resources */ = {
			isa = PBXResourcesBuildPhase;
			buildActionMask = 2147483647;
			files = (
				3F8971A62A9F701600159736 /* LaunchScreen.storyboard in Resources */,
				3F56E3972A9F988500859579 /* sound-chime.mp3 in Resources */,
				3F89719F2A9F6E8F00159736 /* Preview Assets.xcassets in Resources */,
				3F89719C2A9F6E8F00159736 /* Assets.xcassets in Resources */,
			);
			runOnlyForDeploymentPostprocessing = 0;
		};
/* End PBXResourcesBuildPhase section */

/* Begin PBXSourcesBuildPhase section */
		3F8971902A9F6E8F00159736 /* Sources */ = {
			isa = PBXSourcesBuildPhase;
			buildActionMask = 2147483647;
			files = (
				3F56E3952A9F937C00859579 /* CardData.swift in Sources */,
				3F56E3992A9F98AC00859579 /* PlaySound.swift in Sources */,
				3F89719A2A9F6E8F00159736 /* ContentView.swift in Sources */,
				3F56E3932A9F92BD00859579 /* CardModel.swift in Sources */,
				3F56E3912A9F72DB00859579 /* CardView.swift in Sources */,
				3F8971982A9F6E8F00159736 /* Learn_by_DoingApp.swift in Sources */,
			);
			runOnlyForDeploymentPostprocessing = 0;
		};
/* End PBXSourcesBuildPhase section */

/* Begin PBXTargetDependency section */
		3F56E3A22A9FA3D200859579 /* PBXTargetDependency */ = {
			isa = PBXTargetDependency;
			target = 3F56E39B2A9FA3D100859579 /* stickers */;
			targetProxy = 3F56E3A12A9FA3D200859579 /* PBXContainerItemProxy */;
		};
/* End PBXTargetDependency section */

/* Begin XCBuildConfiguration section */
		3F56E3A52A9FA3D200859579 /* Debug */ = {
			isa = XCBuildConfiguration;
			buildSettings = {
				ASSETCATALOG_COMPILER_APPICON_NAME = "iMessage App Icon";
				CODE_SIGN_STYLE = Automatic;
				CURRENT_PROJECT_VERSION = 1;
				GENERATE_INFOPLIST_FILE = YES;
				INFOPLIST_FILE = stickers/Info.plist;
				INFOPLIST_KEY_CFBundleDisplayName = "Learn by Doing";
				MARKETING_VERSION = 1.0;
				PRODUCT_BUNDLE_IDENTIFIER = "com.gracekim.Learn-by-Doing.stickers";
				PRODUCT_NAME = "$(TARGET_NAME)";
				SKIP_INSTALL = YES;
				SWIFT_EMIT_LOC_STRINGS = YES;
				TARGETED_DEVICE_FAMILY = "1,2";
			};
			name = Debug;
		};
		3F56E3A62A9FA3D200859579 /* Release */ = {
			isa = XCBuildConfiguration;
			buildSettings = {
				ASSETCATALOG_COMPILER_APPICON_NAME = "iMessage App Icon";
				CODE_SIGN_STYLE = Automatic;
				CURRENT_PROJECT_VERSION = 1;
				GENERATE_INFOPLIST_FILE = YES;
				INFOPLIST_FILE = stickers/Info.plist;
				INFOPLIST_KEY_CFBundleDisplayName = "Learn by Doing";
				MARKETING_VERSION = 1.0;
				PRODUCT_BUNDLE_IDENTIFIER = "com.gracekim.Learn-by-Doing.stickers";
				PRODUCT_NAME = "$(TARGET_NAME)";
				SKIP_INSTALL = YES;
				SWIFT_EMIT_LOC_STRINGS = YES;
				TARGETED_DEVICE_FAMILY = "1,2";
			};
			name = Release;
		};
		3F8971A02A9F6E8F00159736 /* Debug */ = {
			isa = XCBuildConfiguration;
			buildSettings = {
				ALWAYS_SEARCH_USER_PATHS = NO;
				CLANG_ANALYZER_NONNULL = YES;
				CLANG_ANALYZER_NUMBER_OBJECT_CONVERSION = YES_AGGRESSIVE;
				CLANG_CXX_LANGUAGE_STANDARD = "gnu++20";
				CLANG_ENABLE_MODULES = YES;
				CLANG_ENABLE_OBJC_ARC = YES;
				CLANG_ENABLE_OBJC_WEAK = YES;
				CLANG_WARN_BLOCK_CAPTURE_AUTORELEASING = YES;
				CLANG_WARN_BOOL_CONVERSION = YES;
				CLANG_WARN_COMMA = YES;
				CLANG_WARN_CONSTANT_CONVERSION = YES;
				CLANG_WARN_DEPRECATED_OBJC_IMPLEMENTATIONS = YES;
				CLANG_WARN_DIRECT_OBJC_ISA_USAGE = YES_ERROR;
				CLANG_WARN_DOCUMENTATION_COMMENTS = YES;
				CLANG_WARN_EMPTY_BODY = YES;
				CLANG_WARN_ENUM_CONVERSION = YES;
				CLANG_WARN_INFINITE_RECURSION = YES;
				CLANG_WARN_INT_CONVERSION = YES;
				CLANG_WARN_NON_LITERAL_NULL_CONVERSION = YES;
				CLANG_WARN_OBJC_IMPLICIT_RETAIN_SELF = YES;
				CLANG_WARN_OBJC_LITERAL_CONVERSION = YES;
				CLANG_WARN_OBJC_ROOT_CLASS = YES_ERROR;
				CLANG_WARN_QUOTED_INCLUDE_IN_FRAMEWORK_HEADER = YES;
				CLANG_WARN_RANGE_LOOP_ANALYSIS = YES;
				CLANG_WARN_STRICT_PROTOTYPES = YES;
				CLANG_WARN_SUSPICIOUS_MOVE = YES;
				CLANG_WARN_UNGUARDED_AVAILABILITY = YES_AGGRESSIVE;
				CLANG_WARN_UNREACHABLE_CODE = YES;
				CLANG_WARN__DUPLICATE_METHOD_MATCH = YES;
				COPY_PHASE_STRIP = NO;
				DEBUG_INFORMATION_FORMAT = dwarf;
				ENABLE_STRICT_OBJC_MSGSEND = YES;
				ENABLE_TESTABILITY = YES;
				GCC_C_LANGUAGE_STANDARD = gnu11;
				GCC_DYNAMIC_NO_PIC = NO;
				GCC_NO_COMMON_BLOCKS = YES;
				GCC_OPTIMIZATION_LEVEL = 0;
				GCC_PREPROCESSOR_DEFINITIONS = (
					"DEBUG=1",
					"$(inherited)",
				);
				GCC_WARN_64_TO_32_BIT_CONVERSION = YES;
				GCC_WARN_ABOUT_RETURN_TYPE = YES_ERROR;
				GCC_WARN_UNDECLARED_SELECTOR = YES;
				GCC_WARN_UNINITIALIZED_AUTOS = YES_AGGRESSIVE;
				GCC_WARN_UNUSED_FUNCTION = YES;
				GCC_WARN_UNUSED_VARIABLE = YES;
				IPHONEOS_DEPLOYMENT_TARGET = 16.4;
				MTL_ENABLE_DEBUG_INFO = INCLUDE_SOURCE;
				MTL_FAST_MATH = YES;
				ONLY_ACTIVE_ARCH = YES;
				SDKROOT = iphoneos;
				SWIFT_ACTIVE_COMPILATION_CONDITIONS = DEBUG;
				SWIFT_OPTIMIZATION_LEVEL = "-Onone";
			};
			name = Debug;
		};
		3F8971A12A9F6E8F00159736 /* Release */ = {
			isa = XCBuildConfiguration;
			buildSettings = {
				ALWAYS_SEARCH_USER_PATHS = NO;
				CLANG_ANALYZER_NONNULL = YES;
				CLANG_ANALYZER_NUMBER_OBJECT_CONVERSION = YES_AGGRESSIVE;
				CLANG_CXX_LANGUAGE_STANDARD = "gnu++20";
				CLANG_ENABLE_MODULES = YES;
				CLANG_ENABLE_OBJC_ARC = YES;
				CLANG_ENABLE_OBJC_WEAK = YES;
				CLANG_WARN_BLOCK_CAPTURE_AUTORELEASING = YES;
				CLANG_WARN_BOOL_CONVERSION = YES;
				CLANG_WARN_COMMA = YES;
				CLANG_WARN_CONSTANT_CONVERSION = YES;
				CLANG_WARN_DEPRECATED_OBJC_IMPLEMENTATIONS = YES;
				CLANG_WARN_DIRECT_OBJC_ISA_USAGE = YES_ERROR;
				CLANG_WARN_DOCUMENTATION_COMMENTS = YES;
				CLANG_WARN_EMPTY_BODY = YES;
				CLANG_WARN_ENUM_CONVERSION = YES;
				CLANG_WARN_INFINITE_RECURSION = YES;
				CLANG_WARN_INT_CONVERSION = YES;
				CLANG_WARN_NON_LITERAL_NULL_CONVERSION = YES;
				CLANG_WARN_OBJC_IMPLICIT_RETAIN_SELF = YES;
				CLANG_WARN_OBJC_LITERAL_CONVERSION = YES;
				CLANG_WARN_OBJC_ROOT_CLASS = YES_ERROR;
				CLANG_WARN_QUOTED_INCLUDE_IN_FRAMEWORK_HEADER = YES;
				CLANG_WARN_RANGE_LOOP_ANALYSIS = YES;
				CLANG_WARN_STRICT_PROTOTYPES = YES;
				CLANG_WARN_SUSPICIOUS_MOVE = YES;
				CLANG_WARN_UNGUARDED_AVAILABILITY = YES_AGGRESSIVE;
				CLANG_WARN_UNREACHABLE_CODE = YES;
				CLANG_WARN__DUPLICATE_METHOD_MATCH = YES;
				COPY_PHASE_STRIP = NO;
				DEBUG_INFORMATION_FORMAT = "dwarf-with-dsym";
				ENABLE_NS_ASSERTIONS = NO;
				ENABLE_STRICT_OBJC_MSGSEND = YES;
				GCC_C_LANGUAGE_STANDARD = gnu11;
				GCC_NO_COMMON_BLOCKS = YES;
				GCC_WARN_64_TO_32_BIT_CONVERSION = YES;
				GCC_WARN_ABOUT_RETURN_TYPE = YES_ERROR;
				GCC_WARN_UNDECLARED_SELECTOR = YES;
				GCC_WARN_UNINITIALIZED_AUTOS = YES_AGGRESSIVE;
				GCC_WARN_UNUSED_FUNCTION = YES;
				GCC_WARN_UNUSED_VARIABLE = YES;
				IPHONEOS_DEPLOYMENT_TARGET = 16.4;
				MTL_ENABLE_DEBUG_INFO = NO;
				MTL_FAST_MATH = YES;
				SDKROOT = iphoneos;
				SWIFT_COMPILATION_MODE = wholemodule;
				SWIFT_OPTIMIZATION_LEVEL = "-O";
				VALIDATE_PRODUCT = YES;
			};
			name = Release;
		};
		3F8971A32A9F6E8F00159736 /* Debug */ = {
			isa = XCBuildConfiguration;
			buildSettings = {
				ASSETCATALOG_COMPILER_APPICON_NAME = AppIcon;
				ASSETCATALOG_COMPILER_GLOBAL_ACCENT_COLOR_NAME = AccentColor;
				CODE_SIGN_STYLE = Automatic;
				CURRENT_PROJECT_VERSION = 1;
				DEVELOPMENT_ASSET_PATHS = "\"Learn by Doing/Preview Content\"";
				ENABLE_PREVIEWS = YES;
				GENERATE_INFOPLIST_FILE = YES;
				INFOPLIST_FILE = "Learn-by-Doing-Info.plist";
				INFOPLIST_KEY_UIApplicationSceneManifest_Generation = YES;
				INFOPLIST_KEY_UIApplicationSupportsIndirectInputEvents = YES;
				INFOPLIST_KEY_UILaunchScreen_Generation = YES;
				INFOPLIST_KEY_UILaunchStoryboardName = LaunchScreen.storyboard;
				INFOPLIST_KEY_UISupportedInterfaceOrientations_iPad = "UIInterfaceOrientationPortrait UIInterfaceOrientationPortraitUpsideDown UIInterfaceOrientationLandscapeLeft UIInterfaceOrientationLandscapeRight";
				INFOPLIST_KEY_UISupportedInterfaceOrientations_iPhone = "UIInterfaceOrientationPortrait UIInterfaceOrientationLandscapeLeft UIInterfaceOrientationLandscapeRight";
				LD_RUNPATH_SEARCH_PATHS = (
					"$(inherited)",
					"@executable_path/Frameworks",
				);
				MARKETING_VERSION = 1.0;
				PRODUCT_BUNDLE_IDENTIFIER = "com.gracekim.Learn-by-Doing";
				PRODUCT_NAME = "$(TARGET_NAME)";
				SWIFT_EMIT_LOC_STRINGS = YES;
				SWIFT_VERSION = 5.0;
				TARGETED_DEVICE_FAMILY = "1,2";
			};
			name = Debug;
		};
		3F8971A42A9F6E8F00159736 /* Release */ = {
			isa = XCBuildConfiguration;
			buildSettings = {
				ASSETCATALOG_COMPILER_APPICON_NAME = AppIcon;
				ASSETCATALOG_COMPILER_GLOBAL_ACCENT_COLOR_NAME = AccentColor;
				CODE_SIGN_STYLE = Automatic;
				CURRENT_PROJECT_VERSION = 1;
				DEVELOPMENT_ASSET_PATHS = "\"Learn by Doing/Preview Content\"";
				ENABLE_PREVIEWS = YES;
				GENERATE_INFOPLIST_FILE = YES;
				INFOPLIST_FILE = "Learn-by-Doing-Info.plist";
				INFOPLIST_KEY_UIApplicationSceneManifest_Generation = YES;
				INFOPLIST_KEY_UIApplicationSupportsIndirectInputEvents = YES;
				INFOPLIST_KEY_UILaunchScreen_Generation = YES;
				INFOPLIST_KEY_UILaunchStoryboardName = LaunchScreen.storyboard;
				INFOPLIST_KEY_UISupportedInterfaceOrientations_iPad = "UIInterfaceOrientationPortrait UIInterfaceOrientationPortraitUpsideDown UIInterfaceOrientationLandscapeLeft UIInterfaceOrientationLandscapeRight";
				INFOPLIST_KEY_UISupportedInterfaceOrientations_iPhone = "UIInterfaceOrientationPortrait UIInterfaceOrientationLandscapeLeft UIInterfaceOrientationLandscapeRight";
				LD_RUNPATH_SEARCH_PATHS = (
					"$(inherited)",
					"@executable_path/Frameworks",
				);
				MARKETING_VERSION = 1.0;
				PRODUCT_BUNDLE_IDENTIFIER = "com.gracekim.Learn-by-Doing";
				PRODUCT_NAME = "$(TARGET_NAME)";
				SWIFT_EMIT_LOC_STRINGS = YES;
				SWIFT_VERSION = 5.0;
				TARGETED_DEVICE_FAMILY = "1,2";
			};
			name = Release;
		};
/* End XCBuildConfiguration section */

/* Begin XCConfigurationList section */
		3F56E3A42A9FA3D200859579 /* Build configuration list for PBXNativeTarget "stickers" */ = {
			isa = XCConfigurationList;
			buildConfigurations = (
				3F56E3A52A9FA3D200859579 /* Debug */,
				3F56E3A62A9FA3D200859579 /* Release */,
			);
			defaultConfigurationIsVisible = 0;
			defaultConfigurationName = Release;
		};
		3F89718F2A9F6E8F00159736 /* Build configuration list for PBXProject "Learn by Doing" */ = {
			isa = XCConfigurationList;
			buildConfigurations = (
				3F8971A02A9F6E8F00159736 /* Debug */,
				3F8971A12A9F6E8F00159736 /* Release */,
			);
			defaultConfigurationIsVisible = 0;
			defaultConfigurationName = Release;
		};
		3F8971A22A9F6E8F00159736 /* Build configuration list for PBXNativeTarget "Learn by Doing" */ = {
			isa = XCConfigurationList;
			buildConfigurations = (
				3F8971A32A9F6E8F00159736 /* Debug */,
				3F8971A42A9F6E8F00159736 /* Release */,
			);
			defaultConfigurationIsVisible = 0;
			defaultConfigurationName = Release;
		};
/* End XCConfigurationList section */
	};
	rootObject = 3F89718C2A9F6E8F00159736 /* Project object */;
}
